Microsoft Visual Studio Solution File, Format Version 12.00
# Visual Studio Version 17
VisualStudioVersion = 17.5.2.0
MinimumVisualStudioVersion = 10.0.40219.1
Project("{2150E333-8FDC-42A3-9474-1A3956D46DE8}") = "smart_appointment_and_task_management", "smart_appointment_and_task_management", "{831D9FB6-7924-D66F-DCC4-77863FD83CDD}"
EndProject
Project("{FAE04EC0-301F-11D3-BF4B-00C04F79EFBC}") = "Backend", "smart_appointment_and_task_management\Backend\Backend.csproj", "{5E673017-3747-A7BB-E955-3B2D7C35254B}"
EndProject
Global
	GlobalSection(SolutionConfigurationPlatforms) = preSolution
		Debug|Any CPU = Debug|Any CPU
		Release|Any CPU = Release|Any CPU
	EndGlobalSection
	GlobalSection(ProjectConfigurationPlatforms) = postSolution
		{5E673017-3747-A7BB-E955-3B2D7C35254B}.Debug|Any CPU.ActiveCfg = Debug|Any CPU
		{5E673017-3747-A7BB-E955-3B2D7C35254B}.Debug|Any CPU.Build.0 = Debug|Any CPU
		{5E673017-3747-A7BB-E955-3B2D7C35254B}.Release|Any CPU.ActiveCfg = Release|Any CPU
		{5E673017-3747-A7BB-E955-3B2D7C35254B}.Release|Any CPU.Build.0 = Release|Any CPU
	EndGlobalSection
	GlobalSection(SolutionProperties) = preSolution
		HideSolutionNode = FALSE
	EndGlobalSection
	GlobalSection(NestedProjects) = preSolution
		{5E673017-3747-A7BB-E955-3B2D7C35254B} = {831D9FB6-7924-D66F-DCC4-77863FD83CDD}
	EndGlobalSection
	GlobalSection(ExtensibilityGlobals) = postSolution
		SolutionGuid = {6017C59D-7BEE-4299-B0B5-DEDBF9756ACA}
	EndGlobalSection
EndGlobal
